# This file was autogenerated by Stack.
# You should not edit this file by hand.
# For more information, please see the documentation at:
#   https://docs.haskellstack.org/en/stable/lock_files

packages:
- completed:
    hackage: qrcode-core-0.9.10@sha256:2b0ec01ed8eed344c3ed6885310016dc42113af79426ffbcca41ac384ca9db5c,2590
    pantry-tree:
      sha256: 7d553071ca91502794bfd508ead7382ea8e640ba3ed66b0d031eb05f25227a88
      size: 2485
  original:
    hackage: qrcode-core-0.9.10@sha256:2b0ec01ed8eed344c3ed6885310016dc42113af79426ffbcca41ac384ca9db5c,2590
snapshots:
- completed:
    sha256: c320c36b8a392602c9076bdd0c656e12dcab30f294105a50c3f8ef963c4c3a0d
    size: 726760
    url: https://raw.githubusercontent.com/commercialhaskell/stackage-snapshots/master/lts/24/27.yaml
  original:
    url: https://raw.githubusercontent.com/commercialhaskell/stackage-snapshots/master/lts/24/27.yaml
